
Microsoft Visual Studio Solution File, Format Version 12.00
# Visual Studio Version 17
VisualStudioVersion = 17.8.34525.116
MinimumVisualStudioVersion = 10.0.40219.1
Project("{FAE04EC0-301F-11D3-BF4B-00C04F79EFBC}") = "WebApi", "WebApi\WebApi.csproj", "{5882017A-2504-431C-A196-FC8DF608EAEF}"
EndProject
Project("{FAE04EC0-301F-11D3-BF4B-00C04F79EFBC}") = "Business", "Business\Business.csproj", "{8EF0B3D6-B8EA-4D9D-B111-03CD0B07CC1C}"
EndProject
Project("{FAE04EC0-301F-11D3-BF4B-00C04F79EFBC}") = "DataAccess", "DataAccess\DataAccess.csproj", "{3FE4913F-5D01-4F13-8FFF-585E03E3B8F8}"
EndProject
Project("{FAE04EC0-301F-11D3-BF4B-00C04F79EFBC}") = "Entities", "Entities\Entities.csproj", "{5606CF8A-16C2-4013-B210-35025269AAB4}"
EndProject
Project("{FAE04EC0-301F-11D3-BF4B-00C04F79EFBC}") = "Core", "Core\Core.csproj", "{95C4E67A-DA0C-4285-B6BA-D0E10AA9507F}"
EndProject
Global
	GlobalSection(SolutionConfigurationPlatforms) = preSolution
		Debug|Any CPU = Debug|Any CPU
		Release|Any CPU = Release|Any CPU
	EndGlobalSection
	GlobalSection(ProjectConfigurationPlatforms) = postSolution
		{5882017A-2504-431C-A196-FC8DF608EAEF}.Debug|Any CPU.ActiveCfg = Debug|Any CPU
		{5882017A-2504-431C-A196-FC8DF608EAEF}.Debug|Any CPU.Build.0 = Debug|Any CPU
		{5882017A-2504-431C-A196-FC8DF608EAEF}.Release|Any CPU.ActiveCfg = Release|Any CPU
		{5882017A-2504-431C-A196-FC8DF608EAEF}.Release|Any CPU.Build.0 = Release|Any CPU
		{8EF0B3D6-B8EA-4D9D-B111-03CD0B07CC1C}.Debug|Any CPU.ActiveCfg = Debug|Any CPU
		{8EF0B3D6-B8EA-4D9D-B111-03CD0B07CC1C}.Debug|Any CPU.Build.0 = Debug|Any CPU
		{8EF0B3D6-B8EA-4D9D-B111-03CD0B07CC1C}.Release|Any CPU.ActiveCfg = Release|Any CPU
		{8EF0B3D6-B8EA-4D9D-B111-03CD0B07CC1C}.Release|Any CPU.Build.0 = Release|Any CPU
		{3FE4913F-5D01-4F13-8FFF-585E03E3B8F8}.Debug|Any CPU.ActiveCfg = Debug|Any CPU
		{3FE4913F-5D01-4F13-8FFF-585E03E3B8F8}.Debug|Any CPU.Build.0 = Debug|Any CPU
		{3FE4913F-5D01-4F13-8FFF-585E03E3B8F8}.Release|Any CPU.ActiveCfg = Release|Any CPU
		{3FE4913F-5D01-4F13-8FFF-585E03E3B8F8}.Release|Any CPU.Build.0 = Release|Any CPU
		{5606CF8A-16C2-4013-B210-35025269AAB4}.Debug|Any CPU.ActiveCfg = Debug|Any CPU
		{5606CF8A-16C2-4013-B210-35025269AAB4}.Debug|Any CPU.Build.0 = Debug|Any CPU
		{5606CF8A-16C2-4013-B210-35025269AAB4}.Release|Any CPU.ActiveCfg = Release|Any CPU
		{5606CF8A-16C2-4013-B210-35025269AAB4}.Release|Any CPU.Build.0 = Release|Any CPU
		{95C4E67A-DA0C-4285-B6BA-D0E10AA9507F}.Debug|Any CPU.ActiveCfg = Debug|Any CPU
		{95C4E67A-DA0C-4285-B6BA-D0E10AA9507F}.Debug|Any CPU.Build.0 = Debug|Any CPU
		{95C4E67A-DA0C-4285-B6BA-D0E10AA9507F}.Release|Any CPU.ActiveCfg = Release|Any CPU
		{95C4E67A-DA0C-4285-B6BA-D0E10AA9507F}.Release|Any CPU.Build.0 = Release|Any CPU
	EndGlobalSection
	GlobalSection(SolutionProperties) = preSolution
		HideSolutionNode = FALSE
	EndGlobalSection
	GlobalSection(ExtensibilityGlobals) = postSolution
		SolutionGuid = {C3E6797B-D464-4FB8-AAB3-D72D3B91DE3B}
	EndGlobalSection
EndGlobal
